
Microsoft Visual Studio Solution File, Format Version 12.00
# Visual Studio 15
VisualStudioVersion = 15.0.27130.2010
MinimumVisualStudioVersion = 10.0.40219.1
Project("{E24C65DC-7377-472B-9ABA-BC803B73C61A}") = "Assignment2", "Assignment2\", "{E57324ED-C345-444E-8140-53531FF3D6DE}"
	ProjectSection(WebsiteProperties) = preProject
		TargetFrameworkMoniker = ".NETFramework,Version%3Dv4.6.1"
		Debug.AspNetCompiler.VirtualPath = "/localhost_53268"
		Debug.AspNetCompiler.PhysicalPath = "Assignment2\"
		Debug.AspNetCompiler.TargetPath = "PrecompiledWeb\localhost_53268\"
		Debug.AspNetCompiler.Updateable = "true"
		Debug.AspNetCompiler.ForceOverwrite = "true"
		Debug.AspNetCompiler.FixedNames = "false"
		Debug.AspNetCompiler.Debug = "True"
		Release.AspNetCompiler.VirtualPath = "/localhost_53268"
		Release.AspNetCompiler.PhysicalPath = "Assignment2\"
		Release.AspNetCompiler.TargetPath = "PrecompiledWeb\localhost_53268\"
		Release.AspNetCompiler.Updateable = "true"
		Release.AspNetCompiler.ForceOverwrite = "true"
		Release.AspNetCompiler.FixedNames = "false"
		Release.AspNetCompiler.Debug = "False"
		VWDPort = "53268"
		SlnRelativePath = "Assignment2\"
		DefaultWebSiteLanguage = "Visual Basic"
	EndProjectSection
EndProject
Global
	GlobalSection(SolutionConfigurationPlatforms) = preSolution
		Debug|Any CPU = Debug|Any CPU
	EndGlobalSection
	GlobalSection(ProjectConfigurationPlatforms) = postSolution
		{E57324ED-C345-444E-8140-53531FF3D6DE}.Debug|Any CPU.ActiveCfg = Debug|Any CPU
		{E57324ED-C345-444E-8140-53531FF3D6DE}.Debug|Any CPU.Build.0 = Debug|Any CPU
	EndGlobalSection
	GlobalSection(SolutionProperties) = preSolution
		HideSolutionNode = FALSE
	EndGlobalSection
	GlobalSection(ExtensibilityGlobals) = postSolution
		SolutionGuid = {4E46C3AE-E2E6-4658-B7B3-66A146F9D6E9}
	EndGlobalSection
EndGlobal
