
Microsoft Visual Studio Solution File, Format Version 12.00
# Visual Studio 15
VisualStudioVersion = 15.0.27130.2010
MinimumVisualStudioVersion = 10.0.40219.1
Project("{E24C65DC-7377-472B-9ABA-BC803B73C61A}") = "Assignment6", "Assignment6\", "{4F047654-EBF4-4C3A-901B-414B3BB668AE}"
	ProjectSection(WebsiteProperties) = preProject
		TargetFrameworkMoniker = ".NETFramework,Version%3Dv4.6.1"
		Debug.AspNetCompiler.VirtualPath = "/localhost_54401"
		Debug.AspNetCompiler.PhysicalPath = "Assignment6\"
		Debug.AspNetCompiler.TargetPath = "PrecompiledWeb\localhost_54401\"
		Debug.AspNetCompiler.Updateable = "true"
		Debug.AspNetCompiler.ForceOverwrite = "true"
		Debug.AspNetCompiler.FixedNames = "false"
		Debug.AspNetCompiler.Debug = "True"
		Release.AspNetCompiler.VirtualPath = "/localhost_54401"
		Release.AspNetCompiler.PhysicalPath = "Assignment6\"
		Release.AspNetCompiler.TargetPath = "PrecompiledWeb\localhost_54401\"
		Release.AspNetCompiler.Updateable = "true"
		Release.AspNetCompiler.ForceOverwrite = "true"
		Release.AspNetCompiler.FixedNames = "false"
		Release.AspNetCompiler.Debug = "False"
		VWDPort = "54401"
		SlnRelativePath = "Assignment6\"
		DefaultWebSiteLanguage = "Visual Basic"
	EndProjectSection
EndProject
Global
	GlobalSection(SolutionConfigurationPlatforms) = preSolution
		Debug|Any CPU = Debug|Any CPU
	EndGlobalSection
	GlobalSection(ProjectConfigurationPlatforms) = postSolution
		{4F047654-EBF4-4C3A-901B-414B3BB668AE}.Debug|Any CPU.ActiveCfg = Debug|Any CPU
		{4F047654-EBF4-4C3A-901B-414B3BB668AE}.Debug|Any CPU.Build.0 = Debug|Any CPU
	EndGlobalSection
	GlobalSection(SolutionProperties) = preSolution
		HideSolutionNode = FALSE
	EndGlobalSection
	GlobalSection(ExtensibilityGlobals) = postSolution
		SolutionGuid = {5AF814B5-A14C-477F-9074-1F3B7FB1DD26}
	EndGlobalSection
EndGlobal
